
Microsoft Visual Studio Solution File, Format Version 12.00
# Visual Studio Version 17
VisualStudioVersion = 17.8.34525.116
MinimumVisualStudioVersion = 10.0.40219.1
Project("{FAE04EC0-301F-11D3-BF4B-00C04F79EFBC}") = "Ativ7_FPF", "Ativ7_FPF.csproj", "{B6515175-347E-4C36-B88A-9B95B5C78667}"
EndProject
Global
	GlobalSection(SolutionConfigurationPlatforms) = preSolution
		Debug|Any CPU = Debug|Any CPU
		Release|Any CPU = Release|Any CPU
	EndGlobalSection
	GlobalSection(ProjectConfigurationPlatforms) = postSolution
		{B6515175-347E-4C36-B88A-9B95B5C78667}.Debug|Any CPU.ActiveCfg = Debug|Any CPU
		{B6515175-347E-4C36-B88A-9B95B5C78667}.Debug|Any CPU.Build.0 = Debug|Any CPU
		{B6515175-347E-4C36-B88A-9B95B5C78667}.Release|Any CPU.ActiveCfg = Release|Any CPU
		{B6515175-347E-4C36-B88A-9B95B5C78667}.Release|Any CPU.Build.0 = Release|Any CPU
	EndGlobalSection
	GlobalSection(SolutionProperties) = preSolution
		HideSolutionNode = FALSE
	EndGlobalSection
	GlobalSection(ExtensibilityGlobals) = postSolution
		SolutionGuid = {7F5E1736-425F-40CB-A970-F4D145513201}
	EndGlobalSection
EndGlobal
